// !$*UTF8*$!
{
	archiveVersion = 1;
	classes = {
	};
	objectVersion = 56;
	objects = {

/* Begin PBXBuildFile section */
		FFE14AE1295C840400AC9798 /* AppDelegate.swift in Sources */ = {isa = PBXBuildFile; fileRef = FFE14AE0295C840400AC9798 /* AppDelegate.swift */; };
		FFE14AE3295C840400AC9798 /* SceneDelegate.swift in Sources */ = {isa = PBXBuildFile; fileRef = FFE14AE2295C840400AC9798 /* SceneDelegate.swift */; };
		FFE14AE5295C840400AC9798 /* ViewController.swift in Sources */ = {isa = PBXBuildFile; fileRef = FFE14AE4295C840400AC9798 /* ViewController.swift */; };
		FFE14AE8295C840400AC9798 /* Main.storyboard in Resources */ = {isa = PBXBuildFile; fileRef = FFE14AE6295C840400AC9798 /* Main.storyboard */; };
		FFE14AEA295C840700AC9798 /* Assets.xcassets in Resources */ = {isa = PBXBuildFile; fileRef = FFE14AE9295C840700AC9798 /* Assets.xcassets */; };
		FFE14AED295C840700AC9798 /* LaunchScreen.storyboard in Resources */ = {isa = PBXBuildFile; fileRef = FFE14AEB295C840700AC9798 /* LaunchScreen.storyboard */; };
		FFE14AF8295C840700AC9798 /* Swift_ReSwiftTests.swift in Sources */ = {isa = PBXBuildFile; fileRef = FFE14AF7295C840700AC9798 /* Swift_ReSwiftTests.swift */; };
		FFE14B02295C840700AC9798 /* Swift_ReSwiftUITests.swift in Sources */ = {isa = PBXBuildFile; fileRef = FFE14B01295C840700AC9798 /* Swift_ReSwiftUITests.swift */; };
		FFE14B04295C840700AC9798 /* Swift_ReSwiftUITestsLaunchTests.swift in Sources */ = {isa = PBXBuildFile; fileRef = FFE14B03295C840700AC9798 /* Swift_ReSwiftUITestsLaunchTests.swift */; };
		FFE14B12295C844D00AC9798 /* ReSwift in Frameworks */ = {isa = PBXBuildFile; productRef = FFE14B11295C844D00AC9798 /* ReSwift */; };
		FFE14B15295C845B00AC9798 /* SnapKit in Frameworks */ = {isa = PBXBuildFile; productRef = FFE14B14295C845B00AC9798 /* SnapKit */; };
/* End PBXBuildFile section */

/* Begin PBXContainerItemProxy section */
		FFE14AF4295C840700AC9798 /* PBXContainerItemProxy */ = {
			isa = PBXContainerItemProxy;
			containerPortal = FFE14AD5295C840400AC9798 /* Project object */;
			proxyType = 1;
			remoteGlobalIDString = FFE14ADC295C840400AC9798;
			remoteInfo = "Swift-ReSwift";
		};
		FFE14AFE295C840700AC9798 /* PBXContainerItemProxy */ = {
			isa = PBXContainerItemProxy;
			containerPortal = FFE14AD5295C840400AC9798 /* Project object */;
			proxyType = 1;
			remoteGlobalIDString = FFE14ADC295C840400AC9798;
			remoteInfo = "Swift-ReSwift";
		};
/* End PBXContainerItemProxy section */

/* Begin PBXFileReference section */
		FFE14ADD295C840400AC9798 /* Swift-ReSwift.app */ = {isa = PBXFileReference; explicitFileType = wrapper.application; includeInIndex = 0; path = "Swift-ReSwift.app"; sourceTree = BUILT_PRODUCTS_DIR; };
		FFE14AE0295C840400AC9798 /* AppDelegate.swift */ = {isa = PBXFileReference; lastKnownFileType = sourcecode.swift; path = AppDelegate.swift; sourceTree = "<group>"; };
		FFE14AE2295C840400AC9798 /* SceneDelegate.swift */ = {isa = PBXFileReference; lastKnownFileType = sourcecode.swift; path = SceneDelegate.swift; sourceTree = "<group>"; };
		FFE14AE4295C840400AC9798 /* ViewController.swift */ = {isa = PBXFileReference; lastKnownFileType = sourcecode.swift; path = ViewController.swift; sourceTree = "<group>"; };
		FFE14AE7295C840400AC9798 /* Base */ = {isa = PBXFileReference; lastKnownFileType = file.storyboard; name = Base; path = Base.lproj/Main.storyboard; sourceTree = "<group>"; };
		FFE14AE9295C840700AC9798 /* Assets.xcassets */ = {isa = PBXFileReference; lastKnownFileType = folder.assetcatalog; path = Assets.xcassets; sourceTree = "<group>"; };
		FFE14AEC295C840700AC9798 /* Base */ = {isa = PBXFileReference; lastKnownFileType = file.storyboard; name = Base; path = Base.lproj/LaunchScreen.storyboard; sourceTree = "<group>"; };
		FFE14AEE295C840700AC9798 /* Info.plist */ = {isa = PBXFileReference; lastKnownFileType = text.plist.xml; path = Info.plist; sourceTree = "<group>"; };
		FFE14AF3295C840700AC9798 /* Swift-ReSwiftTests.xctest */ = {isa = PBXFileReference; explicitFileType = wrapper.cfbundle; includeInIndex = 0; path = "Swift-ReSwiftTests.xctest"; sourceTree = BUILT_PRODUCTS_DIR; };
		FFE14AF7295C840700AC9798 /* Swift_ReSwiftTests.swift */ = {isa = PBXFileReference; lastKnownFileType = sourcecode.swift; path = Swift_ReSwiftTests.swift; sourceTree = "<group>"; };
		FFE14AFD295C840700AC9798 /* Swift-ReSwiftUITests.xctest */ = {isa = PBXFileReference; explicitFileType = wrapper.cfbundle; includeInIndex = 0; path = "Swift-ReSwiftUITests.xctest"; sourceTree = BUILT_PRODUCTS_DIR; };
		FFE14B01295C840700AC9798 /* Swift_ReSwiftUITests.swift */ = {isa = PBXFileReference; lastKnownFileType = sourcecode.swift; path = Swift_ReSwiftUITests.swift; sourceTree = "<group>"; };
		FFE14B03295C840700AC9798 /* Swift_ReSwiftUITestsLaunchTests.swift */ = {isa = PBXFileReference; lastKnownFileType = sourcecode.swift; path = Swift_ReSwiftUITestsLaunchTests.swift; sourceTree = "<group>"; };
/* End PBXFileReference section */

/* Begin PBXFrameworksBuildPhase section */
		FFE14ADA295C840400AC9798 /* Frameworks */ = {
			isa = PBXFrameworksBuildPhase;
			buildActionMask = 2147483647;
			files = (
				FFE14B12295C844D00AC9798 /* ReSwift in Frameworks */,
				FFE14B15295C845B00AC9798 /* SnapKit in Frameworks */,
			);
			runOnlyForDeploymentPostprocessing = 0;
		};
		FFE14AF0295C840700AC9798 /* Frameworks */ = {
			isa = PBXFrameworksBuildPhase;
			buildActionMask = 2147483647;
			files = (
			);
			runOnlyForDeploymentPostprocessing = 0;
		};
		FFE14AFA295C840700AC9798 /* Frameworks */ = {
			isa = PBXFrameworksBuildPhase;
			buildActionMask = 2147483647;
			files = (
			);
			runOnlyForDeploymentPostprocessing = 0;
		};
/* End PBXFrameworksBuildPhase section */

/* Begin PBXGroup section */
		FFE14AD4295C840400AC9798 = {
			isa = PBXGroup;
			children = (
				FFE14ADF295C840400AC9798 /* Swift-ReSwift */,
				FFE14AF6295C840700AC9798 /* Swift-ReSwiftTests */,
				FFE14B00295C840700AC9798 /* Swift-ReSwiftUITests */,
				FFE14ADE295C840400AC9798 /* Products */,
			);
			sourceTree = "<group>";
		};
		FFE14ADE295C840400AC9798 /* Products */ = {
			isa = PBXGroup;
			children = (
				FFE14ADD295C840400AC9798 /* Swift-ReSwift.app */,
				FFE14AF3295C840700AC9798 /* Swift-ReSwiftTests.xctest */,
				FFE14AFD295C840700AC9798 /* Swift-ReSwiftUITests.xctest */,
			);
			name = Products;
			sourceTree = "<group>";
		};
		FFE14ADF295C840400AC9798 /* Swift-ReSwift */ = {
			isa = PBXGroup;
			children = (
				FFE14AE0295C840400AC9798 /* AppDelegate.swift */,
				FFE14AE2295C840400AC9798 /* SceneDelegate.swift */,
				FFE14AE4295C840400AC9798 /* ViewController.swift */,
				FFE14AE6295C840400AC9798 /* Main.storyboard */,
				FFE14AE9295C840700AC9798 /* Assets.xcassets */,
				FFE14AEB295C840700AC9798 /* LaunchScreen.storyboard */,
				FFE14AEE295C840700AC9798 /* Info.plist */,
			);
			path = "Swift-ReSwift";
			sourceTree = "<group>";
		};
		FFE14AF6295C840700AC9798 /* Swift-ReSwiftTests */ = {
			isa = PBXGroup;
			children = (
				FFE14AF7295C840700AC9798 /* Swift_ReSwiftTests.swift */,
			);
			path = "Swift-ReSwiftTests";
			sourceTree = "<group>";
		};
		FFE14B00295C840700AC9798 /* Swift-ReSwiftUITests */ = {
			isa = PBXGroup;
			children = (
				FFE14B01295C840700AC9798 /* Swift_ReSwiftUITests.swift */,
				FFE14B03295C840700AC9798 /* Swift_ReSwiftUITestsLaunchTests.swift */,
			);
			path = "Swift-ReSwiftUITests";
			sourceTree = "<group>";
		};
/* End PBXGroup section */

/* Begin PBXNativeTarget section */
		FFE14ADC295C840400AC9798 /* Swift-ReSwift */ = {
			isa = PBXNativeTarget;
			buildConfigurationList = FFE14B07295C840700AC9798 /* Build configuration list for PBXNativeTarget "Swift-ReSwift" */;
			buildPhases = (
				FFE14AD9295C840400AC9798 /* Sources */,
				FFE14ADA295C840400AC9798 /* Frameworks */,
				FFE14ADB295C840400AC9798 /* Resources */,
			);
			buildRules = (
			);
			dependencies = (
			);
			name = "Swift-ReSwift";
			packageProductDependencies = (
				FFE14B11295C844D00AC9798 /* ReSwift */,
				FFE14B14295C845B00AC9798 /* SnapKit */,
			);
			productName = "Swift-ReSwift";
			productReference = FFE14ADD295C840400AC9798 /* Swift-ReSwift.app */;
			productType = "com.apple.product-type.application";
		};
		FFE14AF2295C840700AC9798 /* Swift-ReSwiftTests */ = {
			isa = PBXNativeTarget;
			buildConfigurationList = FFE14B0A295C840700AC9798 /* Build configuration list for PBXNativeTarget "Swift-ReSwiftTests" */;
			buildPhases = (
				FFE14AEF295C840700AC9798 /* Sources */,
				FFE14AF0295C840700AC9798 /* Frameworks */,
				FFE14AF1295C840700AC9798 /* Resources */,
			);
			buildRules = (
			);
			dependencies = (
				FFE14AF5295C840700AC9798 /* PBXTargetDependency */,
			);
			name = "Swift-ReSwiftTests";
			productName = "Swift-ReSwiftTests";
			productReference = FFE14AF3295C840700AC9798 /* Swift-ReSwiftTests.xctest */;
			productType = "com.apple.product-type.bundle.unit-test";
		};
		FFE14AFC295C840700AC9798 /* Swift-ReSwiftUITests */ = {
			isa = PBXNativeTarget;
			buildConfigurationList = FFE14B0D295C840700AC9798 /* Build configuration list for PBXNativeTarget "Swift-ReSwiftUITests" */;
			buildPhases = (
				FFE14AF9295C840700AC9798 /* Sources */,
				FFE14AFA295C840700AC9798 /* Frameworks */,
				FFE14AFB295C840700AC9798 /* Resources */,
			);
			buildRules = (
			);
			dependencies = (
				FFE14AFF295C840700AC9798 /* PBXTargetDependency */,
			);
			name = "Swift-ReSwiftUITests";
			productName = "Swift-ReSwiftUITests";
			productReference = FFE14AFD295C840700AC9798 /* Swift-ReSwiftUITests.xctest */;
			productType = "com.apple.product-type.bundle.ui-testing";
		};
/* End PBXNativeTarget section */

/* Begin PBXProject section */
		FFE14AD5295C840400AC9798 /* Project object */ = {
			isa = PBXProject;
			attributes = {
				BuildIndependentTargetsInParallel = 1;
				LastSwiftUpdateCheck = 1410;
				LastUpgradeCheck = 1410;
				TargetAttributes = {
					FFE14ADC295C840400AC9798 = {
						CreatedOnToolsVersion = 14.1;
					};
					FFE14AF2295C840700AC9798 = {
						CreatedOnToolsVersion = 14.1;
						TestTargetID = FFE14ADC295C840400AC9798;
					};
					FFE14AFC295C840700AC9798 = {
						CreatedOnToolsVersion = 14.1;
						TestTargetID = FFE14ADC295C840400AC9798;
					};
				};
			};
			buildConfigurationList = FFE14AD8295C840400AC9798 /* Build configuration list for PBXProject "Swift-ReSwift" */;
			compatibilityVersion = "Xcode 14.0";
			developmentRegion = en;
			hasScannedForEncodings = 0;
			knownRegions = (
				en,
				Base,
			);
			mainGroup = FFE14AD4295C840400AC9798;
			packageReferences = (
				FFE14B10295C844D00AC9798 /* XCRemoteSwiftPackageReference "ReSwift" */,
				FFE14B13295C845B00AC9798 /* XCRemoteSwiftPackageReference "SnapKit" */,
			);
			productRefGroup = FFE14ADE295C840400AC9798 /* Products */;
			projectDirPath = "";
			projectRoot = "";
			targets = (
				FFE14ADC295C840400AC9798 /* Swift-ReSwift */,
				FFE14AF2295C840700AC9798 /* Swift-ReSwiftTests */,
				FFE14AFC295C840700AC9798 /* Swift-ReSwiftUITests */,
			);
		};
/* End PBXProject section */

/* Begin PBXResourcesBuildPhase section */
		FFE14ADB295C840400AC9798 /* Resources */ = {
			isa = PBXResourcesBuildPhase;
			buildActionMask = 2147483647;
			files = (
				FFE14AED295C840700AC9798 /* LaunchScreen.storyboard in Resources */,
				FFE14AEA295C840700AC9798 /* Assets.xcassets in Resources */,
				FFE14AE8295C840400AC9798 /* Main.storyboard in Resources */,
			);
			runOnlyForDeploymentPostprocessing = 0;
		};
		FFE14AF1295C840700AC9798 /* Resources */ = {
			isa = PBXResourcesBuildPhase;
			buildActionMask = 2147483647;
			files = (
			);
			runOnlyForDeploymentPostprocessing = 0;
		};
		FFE14AFB295C840700AC9798 /* Resources */ = {
			isa = PBXResourcesBuildPhase;
			buildActionMask = 2147483647;
			files = (
			);
			runOnlyForDeploymentPostprocessing = 0;
		};
/* End PBXResourcesBuildPhase section */

/* Begin PBXSourcesBuildPhase section */
		FFE14AD9295C840400AC9798 /* Sources */ = {
			isa = PBXSourcesBuildPhase;
			buildActionMask = 2147483647;
			files = (
				FFE14AE5295C840400AC9798 /* ViewController.swift in Sources */,
				FFE14AE1295C840400AC9798 /* AppDelegate.swift in Sources */,
				FFE14AE3295C840400AC9798 /* SceneDelegate.swift in Sources */,
			);
			runOnlyForDeploymentPostprocessing = 0;
		};
		FFE14AEF295C840700AC9798 /* Sources */ = {
			isa = PBXSourcesBuildPhase;
			buildActionMask = 2147483647;
			files = (
				FFE14AF8295C840700AC9798 /* Swift_ReSwiftTests.swift in Sources */,
			);
			runOnlyForDeploymentPostprocessing = 0;
		};
		FFE14AF9295C840700AC9798 /* Sources */ = {
			isa = PBXSourcesBuildPhase;
			buildActionMask = 2147483647;
			files = (
				FFE14B02295C840700AC9798 /* Swift_ReSwiftUITests.swift in Sources */,
				FFE14B04295C840700AC9798 /* Swift_ReSwiftUITestsLaunchTests.swift in Sources */,
			);
			runOnlyForDeploymentPostprocessing = 0;
		};
/* End PBXSourcesBuildPhase section */

/* Begin PBXTargetDependency section */
		FFE14AF5295C840700AC9798 /* PBXTargetDependency */ = {
			isa = PBXTargetDependency;
			target = FFE14ADC295C840400AC9798 /* Swift-ReSwift */;
			targetProxy = FFE14AF4295C840700AC9798 /* PBXContainerItemProxy */;
		};
		FFE14AFF295C840700AC9798 /* PBXTargetDependency */ = {
			isa = PBXTargetDependency;
			target = FFE14ADC295C840400AC9798 /* Swift-ReSwift */;
			targetProxy = FFE14AFE295C840700AC9798 /* PBXContainerItemProxy */;
		};
/* End PBXTargetDependency section */

/* Begin PBXVariantGroup section */
		FFE14AE6295C840400AC9798 /* Main.storyboard */ = {
			isa = PBXVariantGroup;
			children = (
				FFE14AE7295C840400AC9798 /* Base */,
			);
			name = Main.storyboard;
			sourceTree = "<group>";
		};
		FFE14AEB295C840700AC9798 /* LaunchScreen.storyboard */ = {
			isa = PBXVariantGroup;
			children = (
				FFE14AEC295C840700AC9798 /* Base */,
			);
			name = LaunchScreen.storyboard;
			sourceTree = "<group>";
		};
/* End PBXVariantGroup section */

/* Begin XCBuildConfiguration section */
		FFE14B05295C840700AC9798 /* Debug */ = {
			isa = XCBuildConfiguration;
			buildSettings = {
				ALWAYS_SEARCH_USER_PATHS = NO;
				CLANG_ANALYZER_NONNULL = YES;
				CLANG_ANALYZER_NUMBER_OBJECT_CONVERSION = YES_AGGRESSIVE;
				CLANG_CXX_LANGUAGE_STANDARD = "gnu++20";
				CLANG_ENABLE_MODULES = YES;
				CLANG_ENABLE_OBJC_ARC = YES;
				CLANG_ENABLE_OBJC_WEAK = YES;
				CLANG_WARN_BLOCK_CAPTURE_AUTORELEASING = YES;
				CLANG_WARN_BOOL_CONVERSION = YES;
				CLANG_WARN_COMMA = YES;
				CLANG_WARN_CONSTANT_CONVERSION = YES;
				CLANG_WARN_DEPRECATED_OBJC_IMPLEMENTATIONS = YES;
				CLANG_WARN_DIRECT_OBJC_ISA_USAGE = YES_ERROR;
				CLANG_WARN_DOCUMENTATION_COMMENTS = YES;
				CLANG_WARN_EMPTY_BODY = YES;
				CLANG_WARN_ENUM_CONVERSION = YES;
				CLANG_WARN_INFINITE_RECURSION = YES;
				CLANG_WARN_INT_CONVERSION = YES;
				CLANG_WARN_NON_LITERAL_NULL_CONVERSION = YES;
				CLANG_WARN_OBJC_IMPLICIT_RETAIN_SELF = YES;
				CLANG_WARN_OBJC_LITERAL_CONVERSION = YES;
				CLANG_WARN_OBJC_ROOT_CLASS = YES_ERROR;
				CLANG_WARN_QUOTED_INCLUDE_IN_FRAMEWORK_HEADER = YES;
				CLANG_WARN_RANGE_LOOP_ANALYSIS = YES;
				CLANG_WARN_STRICT_PROTOTYPES = YES;
				CLANG_WARN_SUSPICIOUS_MOVE = YES;
				CLANG_WARN_UNGUARDED_AVAILABILITY = YES_AGGRESSIVE;
				CLANG_WARN_UNREACHABLE_CODE = YES;
				CLANG_WARN__DUPLICATE_METHOD_MATCH = YES;
				COPY_PHASE_STRIP = NO;
				DEBUG_INFORMATION_FORMAT = dwarf;
				ENABLE_STRICT_OBJC_MSGSEND = YES;
				ENABLE_TESTABILITY = YES;
				GCC_C_LANGUAGE_STANDARD = gnu11;
				GCC_DYNAMIC_NO_PIC = NO;
				GCC_NO_COMMON_BLOCKS = YES;
				GCC_OPTIMIZATION_LEVEL = 0;
				GCC_PREPROCESSOR_DEFINITIONS = (
					"DEBUG=1",
					"$(inherited)",
				);
				GCC_WARN_64_TO_32_BIT_CONVERSION = YES;
				GCC_WARN_ABOUT_RETURN_TYPE = YES_ERROR;
				GCC_WARN_UNDECLARED_SELECTOR = YES;
				GCC_WARN_UNINITIALIZED_AUTOS = YES_AGGRESSIVE;
				GCC_WARN_UNUSED_FUNCTION = YES;
				GCC_WARN_UNUSED_VARIABLE = YES;
				IPHONEOS_DEPLOYMENT_TARGET = 16.1;
				MTL_ENABLE_DEBUG_INFO = INCLUDE_SOURCE;
				MTL_FAST_MATH = YES;
				ONLY_ACTIVE_ARCH = YES;
				SDKROOT = iphoneos;
				SWIFT_ACTIVE_COMPILATION_CONDITIONS = DEBUG;
				SWIFT_OPTIMIZATION_LEVEL = "-Onone";
			};
			name = Debug;
		};
		FFE14B06295C840700AC9798 /* Release */ = {
			isa = XCBuildConfiguration;
			buildSettings = {
				ALWAYS_SEARCH_USER_PATHS = NO;
				CLANG_ANALYZER_NONNULL = YES;
				CLANG_ANALYZER_NUMBER_OBJECT_CONVERSION = YES_AGGRESSIVE;
				CLANG_CXX_LANGUAGE_STANDARD = "gnu++20";
				CLANG_ENABLE_MODULES = YES;
				CLANG_ENABLE_OBJC_ARC = YES;
				CLANG_ENABLE_OBJC_WEAK = YES;
				CLANG_WARN_BLOCK_CAPTURE_AUTORELEASING = YES;
				CLANG_WARN_BOOL_CONVERSION = YES;
				CLANG_WARN_COMMA = YES;
				CLANG_WARN_CONSTANT_CONVERSION = YES;
				CLANG_WARN_DEPRECATED_OBJC_IMPLEMENTATIONS = YES;
				CLANG_WARN_DIRECT_OBJC_ISA_USAGE = YES_ERROR;
				CLANG_WARN_DOCUMENTATION_COMMENTS = YES;
				CLANG_WARN_EMPTY_BODY = YES;
				CLANG_WARN_ENUM_CONVERSION = YES;
				CLANG_WARN_INFINITE_RECURSION = YES;
				CLANG_WARN_INT_CONVERSION = YES;
				CLANG_WARN_NON_LITERAL_NULL_CONVERSION = YES;
				CLANG_WARN_OBJC_IMPLICIT_RETAIN_SELF = YES;
				CLANG_WARN_OBJC_LITERAL_CONVERSION = YES;
				CLANG_WARN_OBJC_ROOT_CLASS = YES_ERROR;
				CLANG_WARN_QUOTED_INCLUDE_IN_FRAMEWORK_HEADER = YES;
				CLANG_WARN_RANGE_LOOP_ANALYSIS = YES;
				CLANG_WARN_STRICT_PROTOTYPES = YES;
				CLANG_WARN_SUSPICIOUS_MOVE = YES;
				CLANG_WARN_UNGUARDED_AVAILABILITY = YES_AGGRESSIVE;
				CLANG_WARN_UNREACHABLE_CODE = YES;
				CLANG_WARN__DUPLICATE_METHOD_MATCH = YES;
				COPY_PHASE_STRIP = NO;
				DEBUG_INFORMATION_FORMAT = "dwarf-with-dsym";
				ENABLE_NS_ASSERTIONS = NO;
				ENABLE_STRICT_OBJC_MSGSEND = YES;
				GCC_C_LANGUAGE_STANDARD = gnu11;
				GCC_NO_COMMON_BLOCKS = YES;
				GCC_WARN_64_TO_32_BIT_CONVERSION = YES;
				GCC_WARN_ABOUT_RETURN_TYPE = YES_ERROR;
				GCC_WARN_UNDECLARED_SELECTOR = YES;
				GCC_WARN_UNINITIALIZED_AUTOS = YES_AGGRESSIVE;
				GCC_WARN_UNUSED_FUNCTION = YES;
				GCC_WARN_UNUSED_VARIABLE = YES;
				IPHONEOS_DEPLOYMENT_TARGET = 16.1;
				MTL_ENABLE_DEBUG_INFO = NO;
				MTL_FAST_MATH = YES;
				SDKROOT = iphoneos;
				SWIFT_COMPILATION_MODE = wholemodule;
				SWIFT_OPTIMIZATION_LEVEL = "-O";
				VALIDATE_PRODUCT = YES;
			};
			name = Release;
		};
		FFE14B08295C840700AC9798 /* Debug */ = {
			isa = XCBuildConfiguration;
			buildSettings = {
				ASSETCATALOG_COMPILER_APPICON_NAME = AppIcon;
				ASSETCATALOG_COMPILER_GLOBAL_ACCENT_COLOR_NAME = AccentColor;
				CODE_SIGN_STYLE = Automatic;
				CURRENT_PROJECT_VERSION = 1;
				DEVELOPMENT_TEAM = XKA22N2KHA;
				GENERATE_INFOPLIST_FILE = YES;
				INFOPLIST_FILE = "Swift-ReSwift/Info.plist";
				INFOPLIST_KEY_UIApplicationSupportsIndirectInputEvents = YES;
				INFOPLIST_KEY_UILaunchStoryboardName = LaunchScreen;
				INFOPLIST_KEY_UIMainStoryboardFile = Main;
				INFOPLIST_KEY_UISupportedInterfaceOrientations_iPad = "UIInterfaceOrientationPortrait UIInterfaceOrientationPortraitUpsideDown UIInterfaceOrientationLandscapeLeft UIInterfaceOrientationLandscapeRight";
				INFOPLIST_KEY_UISupportedInterfaceOrientations_iPhone = "UIInterfaceOrientationPortrait UIInterfaceOrientationLandscapeLeft UIInterfaceOrientationLandscapeRight";
				LD_RUNPATH_SEARCH_PATHS = (
					"$(inherited)",
					"@executable_path/Frameworks",
				);
				MARKETING_VERSION = 1.0;
				PRODUCT_BUNDLE_IDENTIFIER = "com.test.Swift-ReSwift";
				PRODUCT_NAME = "$(TARGET_NAME)";
				SWIFT_EMIT_LOC_STRINGS = YES;
				SWIFT_VERSION = 5.0;
				TARGETED_DEVICE_FAMILY = "1,2";
			};
			name = Debug;
		};
		FFE14B09295C840700AC9798 /* Release */ = {
			isa = XCBuildConfiguration;
			buildSettings = {
				ASSETCATALOG_COMPILER_APPICON_NAME = AppIcon;
				ASSETCATALOG_COMPILER_GLOBAL_ACCENT_COLOR_NAME = AccentColor;
				CODE_SIGN_STYLE = Automatic;
				CURRENT_PROJECT_VERSION = 1;
				DEVELOPMENT_TEAM = XKA22N2KHA;
				GENERATE_INFOPLIST_FILE = YES;
				INFOPLIST_FILE = "Swift-ReSwift/Info.plist";
				INFOPLIST_KEY_UIApplicationSupportsIndirectInputEvents = YES;
				INFOPLIST_KEY_UILaunchStoryboardName = LaunchScreen;
				INFOPLIST_KEY_UIMainStoryboardFile = Main;
				INFOPLIST_KEY_UISupportedInterfaceOrientations_iPad = "UIInterfaceOrientationPortrait UIInterfaceOrientationPortraitUpsideDown UIInterfaceOrientationLandscapeLeft UIInterfaceOrientationLandscapeRight";
				INFOPLIST_KEY_UISupportedInterfaceOrientations_iPhone = "UIInterfaceOrientationPortrait UIInterfaceOrientationLandscapeLeft UIInterfaceOrientationLandscapeRight";
				LD_RUNPATH_SEARCH_PATHS = (
					"$(inherited)",
					"@executable_path/Frameworks",
				);
				MARKETING_VERSION = 1.0;
				PRODUCT_BUNDLE_IDENTIFIER = "com.test.Swift-ReSwift";
				PRODUCT_NAME = "$(TARGET_NAME)";
				SWIFT_EMIT_LOC_STRINGS = YES;
				SWIFT_VERSION = 5.0;
				TARGETED_DEVICE_FAMILY = "1,2";
			};
			name = Release;
		};
		FFE14B0B295C840700AC9798 /* Debug */ = {
			isa = XCBuildConfiguration;
			buildSettings = {
				ALWAYS_EMBED_SWIFT_STANDARD_LIBRARIES = YES;
				BUNDLE_LOADER = "$(TEST_HOST)";
				CODE_SIGN_STYLE = Automatic;
				CURRENT_PROJECT_VERSION = 1;
				DEVELOPMENT_TEAM = XKA22N2KHA;
				GENERATE_INFOPLIST_FILE = YES;
				IPHONEOS_DEPLOYMENT_TARGET = 16.1;
				MARKETING_VERSION = 1.0;
				PRODUCT_BUNDLE_IDENTIFIER = "com.test.Swift-ReSwiftTests";
				PRODUCT_NAME = "$(TARGET_NAME)";
				SWIFT_EMIT_LOC_STRINGS = NO;
				SWIFT_VERSION = 5.0;
				TARGETED_DEVICE_FAMILY = "1,2";
				TEST_HOST = "$(BUILT_PRODUCTS_DIR)/Swift-ReSwift.app/$(BUNDLE_EXECUTABLE_FOLDER_PATH)/Swift-ReSwift";
			};
			name = Debug;
		};
		FFE14B0C295C840700AC9798 /* Release */ = {
			isa = XCBuildConfiguration;
			buildSettings = {
				ALWAYS_EMBED_SWIFT_STANDARD_LIBRARIES = YES;
				BUNDLE_LOADER = "$(TEST_HOST)";
				CODE_SIGN_STYLE = Automatic;
				CURRENT_PROJECT_VERSION = 1;
				DEVELOPMENT_TEAM = XKA22N2KHA;
				GENERATE_INFOPLIST_FILE = YES;
				IPHONEOS_DEPLOYMENT_TARGET = 16.1;
				MARKETING_VERSION = 1.0;
				PRODUCT_BUNDLE_IDENTIFIER = "com.test.Swift-ReSwiftTests";
				PRODUCT_NAME = "$(TARGET_NAME)";
				SWIFT_EMIT_LOC_STRINGS = NO;
				SWIFT_VERSION = 5.0;
				TARGETED_DEVICE_FAMILY = "1,2";
				TEST_HOST = "$(BUILT_PRODUCTS_DIR)/Swift-ReSwift.app/$(BUNDLE_EXECUTABLE_FOLDER_PATH)/Swift-ReSwift";
			};
			name = Release;
		};
		FFE14B0E295C840700AC9798 /* Debug */ = {
			isa = XCBuildConfiguration;
			buildSettings = {
				ALWAYS_EMBED_SWIFT_STANDARD_LIBRARIES = YES;
				CODE_SIGN_STYLE = Automatic;
				CURRENT_PROJECT_VERSION = 1;
				DEVELOPMENT_TEAM = XKA22N2KHA;
				GENERATE_INFOPLIST_FILE = YES;
				MARKETING_VERSION = 1.0;
				PRODUCT_BUNDLE_IDENTIFIER = "com.test.Swift-ReSwiftUITests";
				PRODUCT_NAME = "$(TARGET_NAME)";
				SWIFT_EMIT_LOC_STRINGS = NO;
				SWIFT_VERSION = 5.0;
				TARGETED_DEVICE_FAMILY = "1,2";
				TEST_TARGET_NAME = "Swift-ReSwift";
			};
			name = Debug;
		};
		FFE14B0F295C840700AC9798 /* Release */ = {
			isa = XCBuildConfiguration;
			buildSettings = {
				ALWAYS_EMBED_SWIFT_STANDARD_LIBRARIES = YES;
				CODE_SIGN_STYLE = Automatic;
				CURRENT_PROJECT_VERSION = 1;
				DEVELOPMENT_TEAM = XKA22N2KHA;
				GENERATE_INFOPLIST_FILE = YES;
				MARKETING_VERSION = 1.0;
				PRODUCT_BUNDLE_IDENTIFIER = "com.test.Swift-ReSwiftUITests";
				PRODUCT_NAME = "$(TARGET_NAME)";
				SWIFT_EMIT_LOC_STRINGS = NO;
				SWIFT_VERSION = 5.0;
				TARGETED_DEVICE_FAMILY = "1,2";
				TEST_TARGET_NAME = "Swift-ReSwift";
			};
			name = Release;
		};
/* End XCBuildConfiguration section */

/* Begin XCConfigurationList section */
		FFE14AD8295C840400AC9798 /* Build configuration list for PBXProject "Swift-ReSwift" */ = {
			isa = XCConfigurationList;
			buildConfigurations = (
				FFE14B05295C840700AC9798 /* Debug */,
				FFE14B06295C840700AC9798 /* Release */,
			);
			defaultConfigurationIsVisible = 0;
			defaultConfigurationName = Release;
		};
		FFE14B07295C840700AC9798 /* Build configuration list for PBXNativeTarget "Swift-ReSwift" */ = {
			isa = XCConfigurationList;
			buildConfigurations = (
				FFE14B08295C840700AC9798 /* Debug */,
				FFE14B09295C840700AC9798 /* Release */,
			);
			defaultConfigurationIsVisible = 0;
			defaultConfigurationName = Release;
		};
		FFE14B0A295C840700AC9798 /* Build configuration list for PBXNativeTarget "Swift-ReSwiftTests" */ = {
			isa = XCConfigurationList;
			buildConfigurations = (
				FFE14B0B295C840700AC9798 /* Debug */,
				FFE14B0C295C840700AC9798 /* Release */,
			);
			defaultConfigurationIsVisible = 0;
			defaultConfigurationName = Release;
		};
		FFE14B0D295C840700AC9798 /* Build configuration list for PBXNativeTarget "Swift-ReSwiftUITests" */ = {
			isa = XCConfigurationList;
			buildConfigurations = (
				FFE14B0E295C840700AC9798 /* Debug */,
				FFE14B0F295C840700AC9798 /* Release */,
			);
			defaultConfigurationIsVisible = 0;
			defaultConfigurationName = Release;
		};
/* End XCConfigurationList section */

/* Begin XCRemoteSwiftPackageReference section */
		FFE14B10295C844D00AC9798 /* XCRemoteSwiftPackageReference "ReSwift" */ = {
			isa = XCRemoteSwiftPackageReference;
			repositoryURL = "https://github.com/ReSwift/ReSwift.git";
			requirement = {
				kind = upToNextMajorVersion;
				minimumVersion = 6.0.0;
			};
		};
		FFE14B13295C845B00AC9798 /* XCRemoteSwiftPackageReference "SnapKit" */ = {
			isa = XCRemoteSwiftPackageReference;
			repositoryURL = "https://github.com/SnapKit/SnapKit.git";
			requirement = {
				branch = develop;
				kind = branch;
			};
		};
/* End XCRemoteSwiftPackageReference section */

/* Begin XCSwiftPackageProductDependency section */
		FFE14B11295C844D00AC9798 /* ReSwift */ = {
			isa = XCSwiftPackageProductDependency;
			package = FFE14B10295C844D00AC9798 /* XCRemoteSwiftPackageReference "ReSwift" */;
			productName = ReSwift;
		};
		FFE14B14295C845B00AC9798 /* SnapKit */ = {
			isa = XCSwiftPackageProductDependency;
			package = FFE14B13295C845B00AC9798 /* XCRemoteSwiftPackageReference "SnapKit" */;
			productName = SnapKit;
		};
/* End XCSwiftPackageProductDependency section */
	};
	rootObject = FFE14AD5295C840400AC9798 /* Project object */;
}
